
Microsoft Visual Studio Solution File, Format Version 12.00
# Visual Studio Version 17
VisualStudioVersion = 17.6.33829.357
MinimumVisualStudioVersion = 10.0.40219.1
Project("{FAE04EC0-301F-11D3-BF4B-00C04F79EFBC}") = "FractalTheory", "FractalTheory.csproj", "{7182F121-96A0-4ED0-8F3E-7081B440302A}"
EndProject
Global
	GlobalSection(SolutionConfigurationPlatforms) = preSolution
		Debug|Any CPU = Debug|Any CPU
		Release|Any CPU = Release|Any CPU
	EndGlobalSection
	GlobalSection(ProjectConfigurationPlatforms) = postSolution
		{7182F121-96A0-4ED0-8F3E-7081B440302A}.Debug|Any CPU.ActiveCfg = Debug|Any CPU
		{7182F121-96A0-4ED0-8F3E-7081B440302A}.Debug|Any CPU.Build.0 = Debug|Any CPU
		{7182F121-96A0-4ED0-8F3E-7081B440302A}.Release|Any CPU.ActiveCfg = Release|Any CPU
		{7182F121-96A0-4ED0-8F3E-7081B440302A}.Release|Any CPU.Build.0 = Release|Any CPU
	EndGlobalSection
	GlobalSection(SolutionProperties) = preSolution
		HideSolutionNode = FALSE
	EndGlobalSection
	GlobalSection(ExtensibilityGlobals) = postSolution
		SolutionGuid = {2DF0F1BA-13A1-48B8-B0C9-0A15261FCBD1}
	EndGlobalSection
EndGlobal
